
Microsoft Visual Studio Solution File, Format Version 12.00
# Visual Studio Version 17
VisualStudioVersion = 17.12.35514.174 d17.12
MinimumVisualStudioVersion = 10.0.40219.1
Project("{FAE04EC0-301F-11D3-BF4B-00C04F79EFBC}") = "celloveszetCLI", "celloveszetCLI.csproj", "{0EBEC506-681A-4666-A9D7-A4BD1E47749F}"
EndProject
Global
	GlobalSection(SolutionConfigurationPlatforms) = preSolution
		Debug|Any CPU = Debug|Any CPU
		Release|Any CPU = Release|Any CPU
	EndGlobalSection
	GlobalSection(ProjectConfigurationPlatforms) = postSolution
		{0EBEC506-681A-4666-A9D7-A4BD1E47749F}.Debug|Any CPU.ActiveCfg = Debug|Any CPU
		{0EBEC506-681A-4666-A9D7-A4BD1E47749F}.Debug|Any CPU.Build.0 = Debug|Any CPU
		{0EBEC506-681A-4666-A9D7-A4BD1E47749F}.Release|Any CPU.ActiveCfg = Release|Any CPU
		{0EBEC506-681A-4666-A9D7-A4BD1E47749F}.Release|Any CPU.Build.0 = Release|Any CPU
	EndGlobalSection
	GlobalSection(SolutionProperties) = preSolution
		HideSolutionNode = FALSE
	EndGlobalSection
EndGlobal
